// !$*UTF8*$!
{
	archiveVersion = 1;
	classes = {
	};
	objectVersion = 46;
	objects = {

/* Begin PBXBuildFile section */
		101238431BB1217B00B1D518 /* main.m in Sources */ = {isa = PBXBuildFile; fileRef = 101238421BB1217B00B1D518 /* main.m */; };
		101238461BB1217B00B1D518 /* AppDelegate.m in Sources */ = {isa = PBXBuildFile; fileRef = 101238451BB1217B00B1D518 /* AppDelegate.m */; };
		101238491BB1217B00B1D518 /* ViewController.m in Sources */ = {isa = PBXBuildFile; fileRef = 101238481BB1217B00B1D518 /* ViewController.m */; };
		1012384C1BB1217B00B1D518 /* Main.storyboard in Resources */ = {isa = PBXBuildFile; fileRef = 1012384A1BB1217B00B1D518 /* Main.storyboard */; };
		1012384E1BB1217B00B1D518 /* Images.xcassets in Resources */ = {isa = PBXBuildFile; fileRef = 1012384D1BB1217B00B1D518 /* Images.xcassets */; };
		101238511BB1217B00B1D518 /* LaunchScreen.xib in Resources */ = {isa = PBXBuildFile; fileRef = 1012384F1BB1217B00B1D518 /* LaunchScreen.xib */; };
		1012385D1BB1217B00B1D518 /* CocoaPodsTestTests.m in Sources */ = {isa = PBXBuildFile; fileRef = 1012385C1BB1217B00B1D518 /* CocoaPodsTestTests.m */; };
/* End PBXBuildFile section */

/* Begin PBXContainerItemProxy section */
		101238571BB1217B00B1D518 /* PBXContainerItemProxy */ = {
			isa = PBXContainerItemProxy;
			containerPortal = 101238351BB1217A00B1D518 /* Project object */;
			proxyType = 1;
			remoteGlobalIDString = 1012383C1BB1217B00B1D518;
			remoteInfo = CocoaPodsTest;
		};
/* End PBXContainerItemProxy section */

/* Begin PBXFileReference section */
		1012383D1BB1217B00B1D518 /* CocoaPodsTest.app */ = {isa = PBXFileReference; explicitFileType = wrapper.application; includeInIndex = 0; path = CocoaPodsTest.app; sourceTree = BUILT_PRODUCTS_DIR; };
		101238411BB1217B00B1D518 /* Info.plist */ = {isa = PBXFileReference; lastKnownFileType = text.plist.xml; path = Info.plist; sourceTree = "<group>"; };
		101238421BB1217B00B1D518 /* main.m */ = {isa = PBXFileReference; lastKnownFileType = sourcecode.c.objc; path = main.m; sourceTree = "<group>"; };
		101238441BB1217B00B1D518 /* AppDelegate.h */ = {isa = PBXFileReference; lastKnownFileType = sourcecode.c.h; path = AppDelegate.h; sourceTree = "<group>"; };
		101238451BB1217B00B1D518 /* AppDelegate.m */ = {isa = PBXFileReference; lastKnownFileType = sourcecode.c.objc; path = AppDelegate.m; sourceTree = "<group>"; };
		101238471BB1217B00B1D518 /* ViewController.h */ = {isa = PBXFileReference; lastKnownFileType = sourcecode.c.h; path = ViewController.h; sourceTree = "<group>"; };
		101238481BB1217B00B1D518 /* ViewController.m */ = {isa = PBXFileReference; lastKnownFileType = sourcecode.c.objc; path = ViewController.m; sourceTree = "<group>"; };
		1012384B1BB1217B00B1D518 /* Base */ = {isa = PBXFileReference; lastKnownFileType = file.storyboard; name = Base; path = Base.lproj/Main.storyboard; sourceTree = "<group>"; };
		1012384D1BB1217B00B1D518 /* Images.xcassets */ = {isa = PBXFileReference; lastKnownFileType = folder.assetcatalog; path = Images.xcassets; sourceTree = "<group>"; };
		101238501BB1217B00B1D518 /* Base */ = {isa = PBXFileReference; lastKnownFileType = file.xib; name = Base; path = Base.lproj/LaunchScreen.xib; sourceTree = "<group>"; };
		101238561BB1217B00B1D518 /* CocoaPodsTestTests.xctest */ = {isa = PBXFileReference; explicitFileType = wrapper.cfbundle; includeInIndex = 0; path = CocoaPodsTestTests.xctest; sourceTree = BUILT_PRODUCTS_DIR; };
		1012385B1BB1217B00B1D518 /* Info.plist */ = {isa = PBXFileReference; lastKnownFileType = text.plist.xml; path = Info.plist; sourceTree = "<group>"; };
		1012385C1BB1217B00B1D518 /* CocoaPodsTestTests.m */ = {isa = PBXFileReference; lastKnownFileType = sourcecode.c.objc; path = CocoaPodsTestTests.m; sourceTree = "<group>"; };
/* End PBXFileReference section */

/* Begin PBXFrameworksBuildPhase section */
		1012383A1BB1217B00B1D518 /* Frameworks */ = {
			isa = PBXFrameworksBuildPhase;
			buildActionMask = 2147483647;
			files = (
			);
			runOnlyForDeploymentPostprocessing = 0;
		};
		101238531BB1217B00B1D518 /* Frameworks */ = {
			isa = PBXFrameworksBuildPhase;
			buildActionMask = 2147483647;
			files = (
			);
			runOnlyForDeploymentPostprocessing = 0;
		};
/* End PBXFrameworksBuildPhase section */

/* Begin PBXGroup section */
		101238341BB1217A00B1D518 = {
			isa = PBXGroup;
			children = (
				1012383F1BB1217B00B1D518 /* CocoaPodsTest */,
				101238591BB1217B00B1D518 /* CocoaPodsTestTests */,
				1012383E1BB1217B00B1D518 /* Products */,
			);
			sourceTree = "<group>";
		};
		1012383E1BB1217B00B1D518 /* Products */ = {
			isa = PBXGroup;
			children = (
				1012383D1BB1217B00B1D518 /* CocoaPodsTest.app */,
				101238561BB1217B00B1D518 /* CocoaPodsTestTests.xctest */,
			);
			name = Products;
			sourceTree = "<group>";
		};
		1012383F1BB1217B00B1D518 /* CocoaPodsTest */ = {
			isa = PBXGroup;
			children = (
				101238441BB1217B00B1D518 /* AppDelegate.h */,
				101238451BB1217B00B1D518 /* AppDelegate.m */,
				101238471BB1217B00B1D518 /* ViewController.h */,
				101238481BB1217B00B1D518 /* ViewController.m */,
				1012384A1BB1217B00B1D518 /* Main.storyboard */,
				1012384D1BB1217B00B1D518 /* Images.xcassets */,
				1012384F1BB1217B00B1D518 /* LaunchScreen.xib */,
				101238401BB1217B00B1D518 /* Supporting Files */,
			);
			path = CocoaPodsTest;
			sourceTree = "<group>";
		};
		101238401BB1217B00B1D518 /* Supporting Files */ = {
			isa = PBXGroup;
			children = (
				101238411BB1217B00B1D518 /* Info.plist */,
				101238421BB1217B00B1D518 /* main.m */,
			);
			name = "Supporting Files";
			sourceTree = "<group>";
		};
		101238591BB1217B00B1D518 /* CocoaPodsTestTests */ = {
			isa = PBXGroup;
			children = (
				1012385C1BB1217B00B1D518 /* CocoaPodsTestTests.m */,
				1012385A1BB1217B00B1D518 /* Supporting Files */,
			);
			path = CocoaPodsTestTests;
			sourceTree = "<group>";
		};
		1012385A1BB1217B00B1D518 /* Supporting Files */ = {
			isa = PBXGroup;
			children = (
				1012385B1BB1217B00B1D518 /* Info.plist */,
			);
			name = "Supporting Files";
			sourceTree = "<group>";
		};
/* End PBXGroup section */

/* Begin PBXNativeTarget section */
		1012383C1BB1217B00B1D518 /* CocoaPodsTest */ = {
			isa = PBXNativeTarget;
			buildConfigurationList = 101238601BB1217B00B1D518 /* Build configuration list for PBXNativeTarget "CocoaPodsTest" */;
			buildPhases = (
				101238391BB1217B00B1D518 /* Sources */,
				1012383A1BB1217B00B1D518 /* Frameworks */,
				1012383B1BB1217B00B1D518 /* Resources */,
			);
			buildRules = (
			);
			dependencies = (
			);
			name = CocoaPodsTest;
			productName = CocoaPodsTest;
			productReference = 1012383D1BB1217B00B1D518 /* CocoaPodsTest.app */;
			productType = "com.apple.product-type.application";
		};
		101238551BB1217B00B1D518 /* CocoaPodsTestTests */ = {
			isa = PBXNativeTarget;
			buildConfigurationList = 101238631BB1217B00B1D518 /* Build configuration list for PBXNativeTarget "CocoaPodsTestTests" */;
			buildPhases = (
				101238521BB1217B00B1D518 /* Sources */,
				101238531BB1217B00B1D518 /* Frameworks */,
				101238541BB1217B00B1D518 /* Resources */,
			);
			buildRules = (
			);
			dependencies = (
				101238581BB1217B00B1D518 /* PBXTargetDependency */,
			);
			name = CocoaPodsTestTests;
			productName = CocoaPodsTestTests;
			productReference = 101238561BB1217B00B1D518 /* CocoaPodsTestTests.xctest */;
			productType = "com.apple.product-type.bundle.unit-test";
		};
/* End PBXNativeTarget section */

/* Begin PBXProject section */
		101238351BB1217A00B1D518 /* Project object */ = {
			isa = PBXProject;
			attributes = {
				LastUpgradeCheck = 0640;
				ORGANIZATIONNAME = zhangjingle;
				TargetAttributes = {
					1012383C1BB1217B00B1D518 = {
						CreatedOnToolsVersion = 6.4;
					};
					101238551BB1217B00B1D518 = {
						CreatedOnToolsVersion = 6.4;
						TestTargetID = 1012383C1BB1217B00B1D518;
					};
				};
			};
			buildConfigurationList = 101238381BB1217A00B1D518 /* Build configuration list for PBXProject "CocoaPodsTest" */;
			compatibilityVersion = "Xcode 3.2";
			developmentRegion = English;
			hasScannedForEncodings = 0;
			knownRegions = (
				en,
				Base,
			);
			mainGroup = 101238341BB1217A00B1D518;
			productRefGroup = 1012383E1BB1217B00B1D518 /* Products */;
			projectDirPath = "";
			projectRoot = "";
			targets = (
				1012383C1BB1217B00B1D518 /* CocoaPodsTest */,
				101238551BB1217B00B1D518 /* CocoaPodsTestTests */,
			);
		};
/* End PBXProject section */

/* Begin PBXResourcesBuildPhase section */
		1012383B1BB1217B00B1D518 /* Resources */ = {
			isa = PBXResourcesBuildPhase;
			buildActionMask = 2147483647;
			files = (
				1012384C1BB1217B00B1D518 /* Main.storyboard in Resources */,
				101238511BB1217B00B1D518 /* LaunchScreen.xib in Resources */,
				1012384E1BB1217B00B1D518 /* Images.xcassets in Resources */,
			);
			runOnlyForDeploymentPostprocessing = 0;
		};
		101238541BB1217B00B1D518 /* Resources */ = {
			isa = PBXResourcesBuildPhase;
			buildActionMask = 2147483647;
			files = (
			);
			runOnlyForDeploymentPostprocessing = 0;
		};
/* End PBXResourcesBuildPhase section */

/* Begin PBXSourcesBuildPhase section */
		101238391BB1217B00B1D518 /* Sources */ = {
			isa = PBXSourcesBuildPhase;
			buildActionMask = 2147483647;
			files = (
				101238491BB1217B00B1D518 /* ViewController.m in Sources */,
				101238461BB1217B00B1D518 /* AppDelegate.m in Sources */,
				101238431BB1217B00B1D518 /* main.m in Sources */,
			);
			runOnlyForDeploymentPostprocessing = 0;
		};
		101238521BB1217B00B1D518 /* Sources */ = {
			isa = PBXSourcesBuildPhase;
			buildActionMask = 2147483647;
			files = (
				1012385D1BB1217B00B1D518 /* CocoaPodsTestTests.m in Sources */,
			);
			runOnlyForDeploymentPostprocessing = 0;
		};
/* End PBXSourcesBuildPhase section */

/* Begin PBXTargetDependency section */
		101238581BB1217B00B1D518 /* PBXTargetDependency */ = {
			isa = PBXTargetDependency;
			target = 1012383C1BB1217B00B1D518 /* CocoaPodsTest */;
			targetProxy = 101238571BB1217B00B1D518 /* PBXContainerItemProxy */;
		};
/* End PBXTargetDependency section */

/* Begin PBXVariantGroup section */
		1012384A1BB1217B00B1D518 /* Main.storyboard */ = {
			isa = PBXVariantGroup;
			children = (
				1012384B1BB1217B00B1D518 /* Base */,
			);
			name = Main.storyboard;
			sourceTree = "<group>";
		};
		1012384F1BB1217B00B1D518 /* LaunchScreen.xib */ = {
			isa = PBXVariantGroup;
			children = (
				101238501BB1217B00B1D518 /* Base */,
			);
			name = LaunchScreen.xib;
			sourceTree = "<group>";
		};
/* End PBXVariantGroup section */

/* Begin XCBuildConfiguration section */
		1012385E1BB1217B00B1D518 /* Debug */ = {
			isa = XCBuildConfiguration;
			buildSettings = {
				ALWAYS_SEARCH_USER_PATHS = NO;
				CLANG_CXX_LANGUAGE_STANDARD = "gnu++0x";
				CLANG_CXX_LIBRARY = "libc++";
				CLANG_ENABLE_MODULES = YES;
				CLANG_ENABLE_OBJC_ARC = YES;
				CLANG_WARN_BOOL_CONVERSION = YES;
				CLANG_WARN_CONSTANT_CONVERSION = YES;
				CLANG_WARN_DIRECT_OBJC_ISA_USAGE = YES_ERROR;
				CLANG_WARN_EMPTY_BODY = YES;
				CLANG_WARN_ENUM_CONVERSION = YES;
				CLANG_WARN_INT_CONVERSION = YES;
				CLANG_WARN_OBJC_ROOT_CLASS = YES_ERROR;
				CLANG_WARN_UNREACHABLE_CODE = YES;
				CLANG_WARN__DUPLICATE_METHOD_MATCH = YES;
				"CODE_SIGN_IDENTITY[sdk=iphoneos*]" = "iPhone Developer";
				COPY_PHASE_STRIP = NO;
				DEBUG_INFORMATION_FORMAT = "dwarf-with-dsym";
				ENABLE_STRICT_OBJC_MSGSEND = YES;
				GCC_C_LANGUAGE_STANDARD = gnu99;
				GCC_DYNAMIC_NO_PIC = NO;
				GCC_NO_COMMON_BLOCKS = YES;
				GCC_OPTIMIZATION_LEVEL = 0;
				GCC_PREPROCESSOR_DEFINITIONS = (
					"DEBUG=1",
					"$(inherited)",
				);
				GCC_SYMBOLS_PRIVATE_EXTERN = NO;
				GCC_WARN_64_TO_32_BIT_CONVERSION = YES;
				GCC_WARN_ABOUT_RETURN_TYPE = YES_ERROR;
				GCC_WARN_UNDECLARED_SELECTOR = YES;
				GCC_WARN_UNINITIALIZED_AUTOS = YES_AGGRESSIVE;
				GCC_WARN_UNUSED_FUNCTION = YES;
				GCC_WARN_UNUSED_VARIABLE = YES;
				IPHONEOS_DEPLOYMENT_TARGET = 8.4;
				MTL_ENABLE_DEBUG_INFO = YES;
				ONLY_ACTIVE_ARCH = YES;
				SDKROOT = iphoneos;
			};
			name = Debug;
		};
		1012385F1BB1217B00B1D518 /* Release */ = {
			isa = XCBuildConfiguration;
			buildSettings = {
				ALWAYS_SEARCH_USER_PATHS = NO;
				CLANG_CXX_LANGUAGE_STANDARD = "gnu++0x";
				CLANG_CXX_LIBRARY = "libc++";
				CLANG_ENABLE_MODULES = YES;
				CLANG_ENABLE_OBJC_ARC = YES;
				CLANG_WARN_BOOL_CONVERSION = YES;
				CLANG_WARN_CONSTANT_CONVERSION = YES;
				CLANG_WARN_DIRECT_OBJC_ISA_USAGE = YES_ERROR;
				CLANG_WARN_EMPTY_BODY = YES;
				CLANG_WARN_ENUM_CONVERSION = YES;
				CLANG_WARN_INT_CONVERSION = YES;
				CLANG_WARN_OBJC_ROOT_CLASS = YES_ERROR;
				CLANG_WARN_UNREACHABLE_CODE = YES;
				CLANG_WARN__DUPLICATE_METHOD_MATCH = YES;
				"CODE_SIGN_IDENTITY[sdk=iphoneos*]" = "iPhone Developer";
				COPY_PHASE_STRIP = NO;
				DEBUG_INFORMATION_FORMAT = "dwarf-with-dsym";
				ENABLE_NS_ASSERTIONS = NO;
				ENABLE_STRICT_OBJC_MSGSEND = YES;
				GCC_C_LANGUAGE_STANDARD = gnu99;
				GCC_NO_COMMON_BLOCKS = YES;
				GCC_WARN_64_TO_32_BIT_CONVERSION = YES;
				GCC_WARN_ABOUT_RETURN_TYPE = YES_ERROR;
				GCC_WARN_UNDECLARED_SELECTOR = YES;
				GCC_WARN_UNINITIALIZED_AUTOS = YES_AGGRESSIVE;
				GCC_WARN_UNUSED_FUNCTION = YES;
				GCC_WARN_UNUSED_VARIABLE = YES;
				IPHONEOS_DEPLOYMENT_TARGET = 8.4;
				MTL_ENABLE_DEBUG_INFO = NO;
				SDKROOT = iphoneos;
				VALIDATE_PRODUCT = YES;
			};
			name = Release;
		};
		101238611BB1217B00B1D518 /* Debug */ = {
			isa = XCBuildConfiguration;
			buildSettings = {
				ASSETCATALOG_COMPILER_APPICON_NAME = AppIcon;
				INFOPLIST_FILE = CocoaPodsTest/Info.plist;
				LD_RUNPATH_SEARCH_PATHS = "$(inherited) @executable_path/Frameworks";
				PRODUCT_NAME = "$(TARGET_NAME)";
			};
			name = Debug;
		};
		101238621BB1217B00B1D518 /* Release */ = {
			isa = XCBuildConfiguration;
			buildSettings = {
				ASSETCATALOG_COMPILER_APPICON_NAME = AppIcon;
				INFOPLIST_FILE = CocoaPodsTest/Info.plist;
				LD_RUNPATH_SEARCH_PATHS = "$(inherited) @executable_path/Frameworks";
				PRODUCT_NAME = "$(TARGET_NAME)";
			};
			name = Release;
		};
		101238641BB1217B00B1D518 /* Debug */ = {
			isa = XCBuildConfiguration;
			buildSettings = {
				BUNDLE_LOADER = "$(TEST_HOST)";
				FRAMEWORK_SEARCH_PATHS = (
					"$(SDKROOT)/Developer/Library/Frameworks",
					"$(inherited)",
				);
				GCC_PREPROCESSOR_DEFINITIONS = (
					"DEBUG=1",
					"$(inherited)",
				);
				INFOPLIST_FILE = CocoaPodsTestTests/Info.plist;
				LD_RUNPATH_SEARCH_PATHS = "$(inherited) @executable_path/Frameworks @loader_path/Frameworks";
				PRODUCT_NAME = "$(TARGET_NAME)";
				TEST_HOST = "$(BUILT_PRODUCTS_DIR)/CocoaPodsTest.app/CocoaPodsTest";
			};
			name = Debug;
		};
		101238651BB1217B00B1D518 /* Release */ = {
			isa = XCBuildConfiguration;
			buildSettings = {
				BUNDLE_LOADER = "$(TEST_HOST)";
				FRAMEWORK_SEARCH_PATHS = (
					"$(SDKROOT)/Developer/Library/Frameworks",
					"$(inherited)",
				);
				INFOPLIST_FILE = CocoaPodsTestTests/Info.plist;
				LD_RUNPATH_SEARCH_PATHS = "$(inherited) @executable_path/Frameworks @loader_path/Frameworks";
				PRODUCT_NAME = "$(TARGET_NAME)";
				TEST_HOST = "$(BUILT_PRODUCTS_DIR)/CocoaPodsTest.app/CocoaPodsTest";
			};
			name = Release;
		};
/* End XCBuildConfiguration section */

/* Begin XCConfigurationList section */
		101238381BB1217A00B1D518 /* Build configuration list for PBXProject "CocoaPodsTest" */ = {
			isa = XCConfigurationList;
			buildConfigurations = (
				1012385E1BB1217B00B1D518 /* Debug */,
				1012385F1BB1217B00B1D518 /* Release */,
			);
			defaultConfigurationIsVisible = 0;
			defaultConfigurationName = Release;
		};
		101238601BB1217B00B1D518 /* Build configuration list for PBXNativeTarget "CocoaPodsTest" */ = {
			isa = XCConfigurationList;
			buildConfigurations = (
				101238611BB1217B00B1D518 /* Debug */,
				101238621BB1217B00B1D518 /* Release */,
			);
			defaultConfigurationIsVisible = 0;
		};
		101238631BB1217B00B1D518 /* Build configuration list for PBXNativeTarget "CocoaPodsTestTests" */ = {
			isa = XCConfigurationList;
			buildConfigurations = (
				101238641BB1217B00B1D518 /* Debug */,
				101238651BB1217B00B1D518 /* Release */,
			);
			defaultConfigurationIsVisible = 0;
		};
/* End XCConfigurationList section */
	};
	rootObject = 101238351BB1217A00B1D518 /* Project object */;
}
